
Microsoft Visual Studio Solution File, Format Version 10.00
# Visual Studio 2008
Project("{FAE04EC0-301F-11D3-BF4B-00C04F79EFBC}") = "Clojure", "Clojure\Clojure.csproj", "{B8089F66-DFBD-4906-BEE0-B317689C2524}"
EndProject
Project("{FAE04EC0-301F-11D3-BF4B-00C04F79EFBC}") = "Clojure.Tests", "Clojure.Tests\Clojure.Tests.csproj", "{656E1517-B0CA-47B4-B068-3DF43DC41F8A}"
EndProject
Project("{FAE04EC0-301F-11D3-BF4B-00C04F79EFBC}") = "Simple.Console", "Simple.Console\Simple.Console.csproj", "{B57B71C6-A952-41A1-ABF1-9B9BACDD12ED}"
EndProject
Project("{2150E333-8FDC-42A3-9474-1A3956D46DE8}") = "Languages", "Languages", "{6B97627A-A2FE-4CE2-B5CC-95D54E656988}"
EndProject
Project("{2150E333-8FDC-42A3-9474-1A3956D46DE8}") = "Runtime", "Runtime", "{491B4A6F-D38A-49CA-BDE8-A7693919CB0B}"
EndProject
Project("{2150E333-8FDC-42A3-9474-1A3956D46DE8}") = "IronPython", "IronPython", "{2F2B77E1-8C8A-4573-9D6D-A305144F3C79}"
EndProject
Project("{2150E333-8FDC-42A3-9474-1A3956D46DE8}") = "Ruby", "Ruby", "{07FD28A6-B302-49AB-A2C9-23D431F1CE2D}"
EndProject
Project("{FAE04EC0-301F-11D3-BF4B-00C04F79EFBC}") = "IronPython", "..\..\DLR_Main\Src\Languages\IronPython\IronPython\IronPython.csproj", "{95289EA9-5778-489D-AB48-F81F2CE2DA32}"
EndProject
Project("{FAE04EC0-301F-11D3-BF4B-00C04F79EFBC}") = "IronPython.Modules", "..\..\DLR_Main\Src\Languages\IronPython\IronPython.Modules\IronPython.Modules.csproj", "{155CE436-1669-4A48-8095-410F2430237F}"
EndProject
Project("{FAE04EC0-301F-11D3-BF4B-00C04F79EFBC}") = "IronPythonConsole", "..\..\DLR_Main\Src\Languages\IronPython\IronPythonConsole\IronPythonConsole.csproj", "{811AC32C-11F3-4ED8-92A7-A7E39C2BB704}"
EndProject
Project("{FAE04EC0-301F-11D3-BF4B-00C04F79EFBC}") = "IronPythonTest", "..\..\DLR_Main\Src\Languages\IronPython\IronPythonTest\IronPythonTest.csproj", "{B6B42537-07F8-4F6C-A99A-B155CAEB124E}"
EndProject
Project("{FAE04EC0-301F-11D3-BF4B-00C04F79EFBC}") = "IronPythonWindow", "..\..\DLR_Main\Src\Languages\IronPython\IronPythonWindow\IronPythonWindow.csproj", "{81DA19C7-4FEC-47E7-981B-D9310D549F95}"
EndProject
Project("{FAE04EC0-301F-11D3-BF4B-00C04F79EFBC}") = "Microsoft.Scripting.Core", "..\..\DLR_Main\Src\Runtime\Microsoft.Scripting.Core\Microsoft.Scripting.Core.csproj", "{2AE75F5A-CD1F-4925-9647-AF4D1C282FB4}"
EndProject
Project("{FAE04EC0-301F-11D3-BF4B-00C04F79EFBC}") = "Ruby", "..\..\DLR_Main\Src\Languages\Ruby\IronRuby\Ruby.csproj", "{7F6984B4-EE6D-4E6F-ABB1-E210D7DC4FDD}"
EndProject
Project("{FAE04EC0-301F-11D3-BF4B-00C04F79EFBC}") = "Ruby.Console", "..\..\DLR_Main\Src\Languages\Ruby\Utils\ironruby.console\Ruby.Console.csproj", "{D6AB587D-A888-4B98-85AC-F15E36F53838}"
EndProject
Project("{FAE04EC0-301F-11D3-BF4B-00C04F79EFBC}") = "IronRuby.Tests", "..\..\DLR_Main\Src\Languages\Ruby\Utils\IronRuby.Tests\IronRuby.Tests.csproj", "{8103D91B-89D8-4A18-9A40-426992602EA2}"
EndProject
Project("{FAE04EC0-301F-11D3-BF4B-00C04F79EFBC}") = "ClassInitGenerator", "..\..\DLR_Main\Src\Languages\Ruby\Utils\ironruby.classinitgenerator\ClassInitGenerator.csproj", "{166940A1-2C91-4BD0-B72B-A517FBD8BF0B}"
EndProject
Project("{FAE04EC0-301F-11D3-BF4B-00C04F79EFBC}") = "IronRuby.Libraries", "..\..\DLR_Main\Src\Languages\Ruby\IronRuby.Libraries\IronRuby.Libraries.csproj", "{77323B06-15A2-4CF4-8A7A-86EAA2B66498}"
EndProject
Project("{FAE04EC0-301F-11D3-BF4B-00C04F79EFBC}") = "Microsoft.Scripting", "..\..\DLR_Main\Src\Runtime\Microsoft.Scripting\Microsoft.Scripting.csproj", "{EB66B766-6354-4208-A3D4-AACBDCB5C3B3}"
EndProject
Project("{2150E333-8FDC-42A3-9474-1A3956D46DE8}") = "Solution Items", "Solution Items", "{EA0F47DF-1607-411E-8C2F-59F5B1D26ABB}"
	ProjectSection(SolutionItems) = preProject
		..\..\DLR_Main\Src\App.config = ..\..\DLR_Main\Src\App.config
	EndProjectSection
EndProject
Project("{FAE04EC0-301F-11D3-BF4B-00C04F79EFBC}") = "IronRuby.Libraries.Yaml", "..\..\DLR_Main\Src\Languages\Ruby\Yaml\IronRuby.Libraries.Yaml.csproj", "{AA18A245-E342-4368-A474-83178311A742}"
EndProject
Project("{2150E333-8FDC-42A3-9474-1A3956D46DE8}") = "Samples", "Samples", "{96D44FD1-0623-46D7-9511-EEA27441CF36}"
EndProject
Project("{FAE04EC0-301F-11D3-BF4B-00C04F79EFBC}") = "Microsoft.Scripting.ExtensionAttribute", "..\..\DLR_Main\Src\Runtime\Microsoft.Scripting.Core\Microsoft.Scripting.ExtensionAttribute.csproj", "{8B0F1074-750E-4D64-BF23-A1E0F54261E5}"
EndProject
Project("{FAE04EC0-301F-11D3-BF4B-00C04F79EFBC}") = "ETSample1_CS", "..\..\DLR_Main\Samples\ExpressionTree\ETSample1_CS\ETSample1_CS.csproj", "{82F00DA6-1447-42AE-A9E3-B326ACFBBFFA}"
EndProject
Project("{2150E333-8FDC-42A3-9474-1A3956D46DE8}") = "ExpressionTrees", "ExpressionTrees", "{735DC44F-7E1C-41BB-ADA5-2E3E9BC93D9C}"
EndProject
Project("{2150E333-8FDC-42A3-9474-1A3956D46DE8}") = "Hosting API", "Hosting API", "{C4822375-A83F-47F0-9C90-B9123AC7B6CF}"
EndProject
Project("{FAE04EC0-301F-11D3-BF4B-00C04F79EFBC}") = "ShapeScript", "..\..\DLR_Main\Samples\Hosting\ShapeScript\ShapeScript.csproj", "{769916FC-40EA-4A2D-8D8E-B14152517CE0}"
EndProject
Project("{FAE04EC0-301F-11D3-BF4B-00C04F79EFBC}") = "Microsoft.Dynamic", "..\..\DLR_Main\Src\Runtime\Microsoft.Dynamic\Microsoft.Dynamic.csproj", "{D4AE44AD-07B9-41DC-BB3B-1FDCDE3C987D}"
EndProject
Project("{2150E333-8FDC-42A3-9474-1A3956D46DE8}") = "Sympl", "Sympl", "{E0137294-977D-4C68-A029-D2A2FB8C4596}"
EndProject
Project("{2150E333-8FDC-42A3-9474-1A3956D46DE8}") = "csharp", "csharp", "{2E293A6C-C20A-4BBE-A901-DBAB27B06D6E}"
EndProject
Project("{2150E333-8FDC-42A3-9474-1A3956D46DE8}") = "examples", "examples", "{366E6024-A530-48BB-A003-3696292B764A}"
	ProjectSection(SolutionItems) = preProject
		..\..\DLR_Main\Src\Languages\sympl\examples\indexing.sympl = ..\..\DLR_Main\Src\Languages\sympl\examples\indexing.sympl
		..\..\DLR_Main\Src\Languages\sympl\examples\lists.sympl = ..\..\DLR_Main\Src\Languages\sympl\examples\lists.sympl
		..\..\DLR_Main\Src\Languages\sympl\examples\ops.sympl = ..\..\DLR_Main\Src\Languages\sympl\examples\ops.sympl
		..\..\DLR_Main\Src\Languages\sympl\examples\test.sympl = ..\..\DLR_Main\Src\Languages\sympl\examples\test.sympl
	EndProjectSection
EndProject
Project("{2150E333-8FDC-42A3-9474-1A3956D46DE8}") = "python", "python", "{D0F225A9-2773-46F4-9AEF-80779294ED12}"
	ProjectSection(SolutionItems) = preProject
		..\..\DLR_Main\Src\Languages\sympl\python\etgen.py = ..\..\DLR_Main\Src\Languages\sympl\python\etgen.py
		..\..\DLR_Main\Src\Languages\sympl\python\lexer.py = ..\..\DLR_Main\Src\Languages\sympl\python\lexer.py
		..\..\DLR_Main\Src\Languages\sympl\python\parser.py = ..\..\DLR_Main\Src\Languages\sympl\python\parser.py
		..\..\DLR_Main\Src\Languages\sympl\python\runtime.py = ..\..\DLR_Main\Src\Languages\sympl\python\runtime.py
		..\..\DLR_Main\Src\Languages\sympl\python\sympl.py = ..\..\DLR_Main\Src\Languages\sympl\python\sympl.py
		..\..\DLR_Main\Src\Languages\sympl\python\test.py = ..\..\DLR_Main\Src\Languages\sympl\python\test.py
	EndProjectSection
EndProject
Project("{FAE04EC0-301F-11D3-BF4B-00C04F79EFBC}") = "Sympl35", "..\..\DLR_Main\Src\Languages\sympl\csharp\Sympl35.csproj", "{AD5B6F0A-FD60-4D2E-B58A-EE762C5AC3B9}"
EndProject
Project("{FAE04EC0-301F-11D3-BF4B-00C04F79EFBC}") = "BootstrapCompile", "BootstrapCompile\BootstrapCompile.csproj", "{3DBF3359-43B5-47C9-9E4D-CF50D7587F20}"
EndProject
Project("{FAE04EC0-301F-11D3-BF4B-00C04F79EFBC}") = "Clojure.Main", "Clojure.Main\Clojure.Main.csproj", "{A9B3BA9E-6955-43E6-9846-54DEFEDCFBFC}"
EndProject
Global
	GlobalSection(SolutionConfigurationPlatforms) = preSolution
		Debug|Any CPU = Debug|Any CPU
		DelaySigned Release|Any CPU = DelaySigned Release|Any CPU
		DelaySigned Silverlight Release|Any CPU = DelaySigned Silverlight Release|Any CPU
		FxCop|Any CPU = FxCop|Any CPU
		Release|Any CPU = Release|Any CPU
		Silverlight Debug|Any CPU = Silverlight Debug|Any CPU
		Silverlight Release|Any CPU = Silverlight Release|Any CPU
		SpecSharp|Any CPU = SpecSharp|Any CPU
	EndGlobalSection
	GlobalSection(ProjectConfigurationPlatforms) = postSolution
		{B8089F66-DFBD-4906-BEE0-B317689C2524}.Debug|Any CPU.ActiveCfg = Debug|Any CPU
		{B8089F66-DFBD-4906-BEE0-B317689C2524}.Debug|Any CPU.Build.0 = Debug|Any CPU
		{B8089F66-DFBD-4906-BEE0-B317689C2524}.DelaySigned Release|Any CPU.ActiveCfg = Release|Any CPU
		{B8089F66-DFBD-4906-BEE0-B317689C2524}.DelaySigned Release|Any CPU.Build.0 = Release|Any CPU
		{B8089F66-DFBD-4906-BEE0-B317689C2524}.DelaySigned Silverlight Release|Any CPU.ActiveCfg = Release|Any CPU
		{B8089F66-DFBD-4906-BEE0-B317689C2524}.DelaySigned Silverlight Release|Any CPU.Build.0 = Release|Any CPU
		{B8089F66-DFBD-4906-BEE0-B317689C2524}.FxCop|Any CPU.ActiveCfg = Release|Any CPU
		{B8089F66-DFBD-4906-BEE0-B317689C2524}.FxCop|Any CPU.Build.0 = Release|Any CPU
		{B8089F66-DFBD-4906-BEE0-B317689C2524}.Release|Any CPU.ActiveCfg = Release|Any CPU
		{B8089F66-DFBD-4906-BEE0-B317689C2524}.Release|Any CPU.Build.0 = Release|Any CPU
		{B8089F66-DFBD-4906-BEE0-B317689C2524}.Silverlight Debug|Any CPU.ActiveCfg = Debug|Any CPU
		{B8089F66-DFBD-4906-BEE0-B317689C2524}.Silverlight Debug|Any CPU.Build.0 = Debug|Any CPU
		{B8089F66-DFBD-4906-BEE0-B317689C2524}.Silverlight Release|Any CPU.ActiveCfg = Release|Any CPU
		{B8089F66-DFBD-4906-BEE0-B317689C2524}.Silverlight Release|Any CPU.Build.0 = Release|Any CPU
		{B8089F66-DFBD-4906-BEE0-B317689C2524}.SpecSharp|Any CPU.ActiveCfg = Release|Any CPU
		{B8089F66-DFBD-4906-BEE0-B317689C2524}.SpecSharp|Any CPU.Build.0 = Release|Any CPU
		{656E1517-B0CA-47B4-B068-3DF43DC41F8A}.Debug|Any CPU.ActiveCfg = Debug|Any CPU
		{656E1517-B0CA-47B4-B068-3DF43DC41F8A}.Debug|Any CPU.Build.0 = Debug|Any CPU
		{656E1517-B0CA-47B4-B068-3DF43DC41F8A}.DelaySigned Release|Any CPU.ActiveCfg = Release|Any CPU
		{656E1517-B0CA-47B4-B068-3DF43DC41F8A}.DelaySigned Release|Any CPU.Build.0 = Release|Any CPU
		{656E1517-B0CA-47B4-B068-3DF43DC41F8A}.DelaySigned Silverlight Release|Any CPU.ActiveCfg = Release|Any CPU
		{656E1517-B0CA-47B4-B068-3DF43DC41F8A}.DelaySigned Silverlight Release|Any CPU.Build.0 = Release|Any CPU
		{656E1517-B0CA-47B4-B068-3DF43DC41F8A}.FxCop|Any CPU.ActiveCfg = Release|Any CPU
		{656E1517-B0CA-47B4-B068-3DF43DC41F8A}.FxCop|Any CPU.Build.0 = Release|Any CPU
		{656E1517-B0CA-47B4-B068-3DF43DC41F8A}.Release|Any CPU.ActiveCfg = Release|Any CPU
		{656E1517-B0CA-47B4-B068-3DF43DC41F8A}.Release|Any CPU.Build.0 = Release|Any CPU
		{656E1517-B0CA-47B4-B068-3DF43DC41F8A}.Silverlight Debug|Any CPU.ActiveCfg = Debug|Any CPU
		{656E1517-B0CA-47B4-B068-3DF43DC41F8A}.Silverlight Debug|Any CPU.Build.0 = Debug|Any CPU
		{656E1517-B0CA-47B4-B068-3DF43DC41F8A}.Silverlight Release|Any CPU.ActiveCfg = Release|Any CPU
		{656E1517-B0CA-47B4-B068-3DF43DC41F8A}.Silverlight Release|Any CPU.Build.0 = Release|Any CPU
		{656E1517-B0CA-47B4-B068-3DF43DC41F8A}.SpecSharp|Any CPU.ActiveCfg = Release|Any CPU
		{656E1517-B0CA-47B4-B068-3DF43DC41F8A}.SpecSharp|Any CPU.Build.0 = Release|Any CPU
		{B57B71C6-A952-41A1-ABF1-9B9BACDD12ED}.Debug|Any CPU.ActiveCfg = Debug|Any CPU
		{B57B71C6-A952-41A1-ABF1-9B9BACDD12ED}.Debug|Any CPU.Build.0 = Debug|Any CPU
		{B57B71C6-A952-41A1-ABF1-9B9BACDD12ED}.DelaySigned Release|Any CPU.ActiveCfg = Release|Any CPU
		{B57B71C6-A952-41A1-ABF1-9B9BACDD12ED}.DelaySigned Release|Any CPU.Build.0 = Release|Any CPU
		{B57B71C6-A952-41A1-ABF1-9B9BACDD12ED}.DelaySigned Silverlight Release|Any CPU.ActiveCfg = Release|Any CPU
		{B57B71C6-A952-41A1-ABF1-9B9BACDD12ED}.DelaySigned Silverlight Release|Any CPU.Build.0 = Release|Any CPU
		{B57B71C6-A952-41A1-ABF1-9B9BACDD12ED}.FxCop|Any CPU.ActiveCfg = Release|Any CPU
		{B57B71C6-A952-41A1-ABF1-9B9BACDD12ED}.FxCop|Any CPU.Build.0 = Release|Any CPU
		{B57B71C6-A952-41A1-ABF1-9B9BACDD12ED}.Release|Any CPU.ActiveCfg = Release|Any CPU
		{B57B71C6-A952-41A1-ABF1-9B9BACDD12ED}.Release|Any CPU.Build.0 = Release|Any CPU
		{B57B71C6-A952-41A1-ABF1-9B9BACDD12ED}.Silverlight Debug|Any CPU.ActiveCfg = Debug|Any CPU
		{B57B71C6-A952-41A1-ABF1-9B9BACDD12ED}.Silverlight Debug|Any CPU.Build.0 = Debug|Any CPU
		{B57B71C6-A952-41A1-ABF1-9B9BACDD12ED}.Silverlight Release|Any CPU.ActiveCfg = Release|Any CPU
		{B57B71C6-A952-41A1-ABF1-9B9BACDD12ED}.Silverlight Release|Any CPU.Build.0 = Release|Any CPU
		{B57B71C6-A952-41A1-ABF1-9B9BACDD12ED}.SpecSharp|Any CPU.ActiveCfg = Release|Any CPU
		{B57B71C6-A952-41A1-ABF1-9B9BACDD12ED}.SpecSharp|Any CPU.Build.0 = Release|Any CPU
		{95289EA9-5778-489D-AB48-F81F2CE2DA32}.Debug|Any CPU.ActiveCfg = Debug|Any CPU
		{95289EA9-5778-489D-AB48-F81F2CE2DA32}.Debug|Any CPU.Build.0 = Debug|Any CPU
		{95289EA9-5778-489D-AB48-F81F2CE2DA32}.DelaySigned Release|Any CPU.ActiveCfg = Release|Any CPU
		{95289EA9-5778-489D-AB48-F81F2CE2DA32}.DelaySigned Release|Any CPU.Build.0 = Release|Any CPU
		{95289EA9-5778-489D-AB48-F81F2CE2DA32}.DelaySigned Silverlight Release|Any CPU.ActiveCfg = Silverlight Release|Any CPU
		{95289EA9-5778-489D-AB48-F81F2CE2DA32}.DelaySigned Silverlight Release|Any CPU.Build.0 = Silverlight Release|Any CPU
		{95289EA9-5778-489D-AB48-F81F2CE2DA32}.FxCop|Any CPU.ActiveCfg = FxCop|Any CPU
		{95289EA9-5778-489D-AB48-F81F2CE2DA32}.FxCop|Any CPU.Build.0 = FxCop|Any CPU
		{95289EA9-5778-489D-AB48-F81F2CE2DA32}.Release|Any CPU.ActiveCfg = Release|Any CPU
		{95289EA9-5778-489D-AB48-F81F2CE2DA32}.Release|Any CPU.Build.0 = Release|Any CPU
		{95289EA9-5778-489D-AB48-F81F2CE2DA32}.Silverlight Debug|Any CPU.ActiveCfg = Silverlight Debug|Any CPU
		{95289EA9-5778-489D-AB48-F81F2CE2DA32}.Silverlight Debug|Any CPU.Build.0 = Silverlight Debug|Any CPU
		{95289EA9-5778-489D-AB48-F81F2CE2DA32}.Silverlight Release|Any CPU.ActiveCfg = Silverlight Release|Any CPU
		{95289EA9-5778-489D-AB48-F81F2CE2DA32}.Silverlight Release|Any CPU.Build.0 = Silverlight Release|Any CPU
		{95289EA9-5778-489D-AB48-F81F2CE2DA32}.SpecSharp|Any CPU.ActiveCfg = Silverlight Release|Any CPU
		{95289EA9-5778-489D-AB48-F81F2CE2DA32}.SpecSharp|Any CPU.Build.0 = Silverlight Release|Any CPU
		{155CE436-1669-4A48-8095-410F2430237F}.Debug|Any CPU.ActiveCfg = Debug|Any CPU
		{155CE436-1669-4A48-8095-410F2430237F}.Debug|Any CPU.Build.0 = Debug|Any CPU
		{155CE436-1669-4A48-8095-410F2430237F}.DelaySigned Release|Any CPU.ActiveCfg = Release|Any CPU
		{155CE436-1669-4A48-8095-410F2430237F}.DelaySigned Release|Any CPU.Build.0 = Release|Any CPU
		{155CE436-1669-4A48-8095-410F2430237F}.DelaySigned Silverlight Release|Any CPU.ActiveCfg = Silverlight Release|Any CPU
		{155CE436-1669-4A48-8095-410F2430237F}.DelaySigned Silverlight Release|Any CPU.Build.0 = Silverlight Release|Any CPU
		{155CE436-1669-4A48-8095-410F2430237F}.FxCop|Any CPU.ActiveCfg = Silverlight Release|Any CPU
		{155CE436-1669-4A48-8095-410F2430237F}.FxCop|Any CPU.Build.0 = Silverlight Release|Any CPU
		{155CE436-1669-4A48-8095-410F2430237F}.Release|Any CPU.ActiveCfg = Release|Any CPU
		{155CE436-1669-4A48-8095-410F2430237F}.Release|Any CPU.Build.0 = Release|Any CPU
		{155CE436-1669-4A48-8095-410F2430237F}.Silverlight Debug|Any CPU.ActiveCfg = Silverlight Debug|Any CPU
		{155CE436-1669-4A48-8095-410F2430237F}.Silverlight Debug|Any CPU.Build.0 = Silverlight Debug|Any CPU
		{155CE436-1669-4A48-8095-410F2430237F}.Silverlight Release|Any CPU.ActiveCfg = Silverlight Release|Any CPU
		{155CE436-1669-4A48-8095-410F2430237F}.Silverlight Release|Any CPU.Build.0 = Silverlight Release|Any CPU
		{155CE436-1669-4A48-8095-410F2430237F}.SpecSharp|Any CPU.ActiveCfg = Silverlight Release|Any CPU
		{155CE436-1669-4A48-8095-410F2430237F}.SpecSharp|Any CPU.Build.0 = Silverlight Release|Any CPU
		{811AC32C-11F3-4ED8-92A7-A7E39C2BB704}.Debug|Any CPU.ActiveCfg = Debug|Any CPU
		{811AC32C-11F3-4ED8-92A7-A7E39C2BB704}.Debug|Any CPU.Build.0 = Debug|Any CPU
		{811AC32C-11F3-4ED8-92A7-A7E39C2BB704}.DelaySigned Release|Any CPU.ActiveCfg = Release|Any CPU
		{811AC32C-11F3-4ED8-92A7-A7E39C2BB704}.DelaySigned Release|Any CPU.Build.0 = Release|Any CPU
		{811AC32C-11F3-4ED8-92A7-A7E39C2BB704}.DelaySigned Silverlight Release|Any CPU.ActiveCfg = Release|Any CPU
		{811AC32C-11F3-4ED8-92A7-A7E39C2BB704}.DelaySigned Silverlight Release|Any CPU.Build.0 = Release|Any CPU
		{811AC32C-11F3-4ED8-92A7-A7E39C2BB704}.FxCop|Any CPU.ActiveCfg = Release|Any CPU
		{811AC32C-11F3-4ED8-92A7-A7E39C2BB704}.FxCop|Any CPU.Build.0 = Release|Any CPU
		{811AC32C-11F3-4ED8-92A7-A7E39C2BB704}.Release|Any CPU.ActiveCfg = Release|Any CPU
		{811AC32C-11F3-4ED8-92A7-A7E39C2BB704}.Release|Any CPU.Build.0 = Release|Any CPU
		{811AC32C-11F3-4ED8-92A7-A7E39C2BB704}.Silverlight Debug|Any CPU.ActiveCfg = Debug|Any CPU
		{811AC32C-11F3-4ED8-92A7-A7E39C2BB704}.Silverlight Debug|Any CPU.Build.0 = Debug|Any CPU
		{811AC32C-11F3-4ED8-92A7-A7E39C2BB704}.Silverlight Release|Any CPU.ActiveCfg = Release|Any CPU
		{811AC32C-11F3-4ED8-92A7-A7E39C2BB704}.Silverlight Release|Any CPU.Build.0 = Release|Any CPU
		{811AC32C-11F3-4ED8-92A7-A7E39C2BB704}.SpecSharp|Any CPU.ActiveCfg = Release|Any CPU
		{811AC32C-11F3-4ED8-92A7-A7E39C2BB704}.SpecSharp|Any CPU.Build.0 = Release|Any CPU
		{B6B42537-07F8-4F6C-A99A-B155CAEB124E}.Debug|Any CPU.ActiveCfg = Debug|Any CPU
		{B6B42537-07F8-4F6C-A99A-B155CAEB124E}.Debug|Any CPU.Build.0 = Debug|Any CPU
		{B6B42537-07F8-4F6C-A99A-B155CAEB124E}.DelaySigned Release|Any CPU.ActiveCfg = Release|Any CPU
		{B6B42537-07F8-4F6C-A99A-B155CAEB124E}.DelaySigned Release|Any CPU.Build.0 = Release|Any CPU
		{B6B42537-07F8-4F6C-A99A-B155CAEB124E}.DelaySigned Silverlight Release|Any CPU.ActiveCfg = Silverlight Release|Any CPU
		{B6B42537-07F8-4F6C-A99A-B155CAEB124E}.DelaySigned Silverlight Release|Any CPU.Build.0 = Silverlight Release|Any CPU
		{B6B42537-07F8-4F6C-A99A-B155CAEB124E}.FxCop|Any CPU.ActiveCfg = Silverlight Release|Any CPU
		{B6B42537-07F8-4F6C-A99A-B155CAEB124E}.FxCop|Any CPU.Build.0 = Silverlight Release|Any CPU
		{B6B42537-07F8-4F6C-A99A-B155CAEB124E}.Release|Any CPU.ActiveCfg = Release|Any CPU
		{B6B42537-07F8-4F6C-A99A-B155CAEB124E}.Release|Any CPU.Build.0 = Release|Any CPU
		{B6B42537-07F8-4F6C-A99A-B155CAEB124E}.Silverlight Debug|Any CPU.ActiveCfg = Silverlight Debug|Any CPU
		{B6B42537-07F8-4F6C-A99A-B155CAEB124E}.Silverlight Debug|Any CPU.Build.0 = Silverlight Debug|Any CPU
		{B6B42537-07F8-4F6C-A99A-B155CAEB124E}.Silverlight Release|Any CPU.ActiveCfg = Silverlight Release|Any CPU
		{B6B42537-07F8-4F6C-A99A-B155CAEB124E}.Silverlight Release|Any CPU.Build.0 = Silverlight Release|Any CPU
		{B6B42537-07F8-4F6C-A99A-B155CAEB124E}.SpecSharp|Any CPU.ActiveCfg = Silverlight Release|Any CPU
		{B6B42537-07F8-4F6C-A99A-B155CAEB124E}.SpecSharp|Any CPU.Build.0 = Silverlight Release|Any CPU
		{81DA19C7-4FEC-47E7-981B-D9310D549F95}.Debug|Any CPU.ActiveCfg = Debug|Any CPU
		{81DA19C7-4FEC-47E7-981B-D9310D549F95}.Debug|Any CPU.Build.0 = Debug|Any CPU
		{81DA19C7-4FEC-47E7-981B-D9310D549F95}.DelaySigned Release|Any CPU.ActiveCfg = Release|Any CPU
		{81DA19C7-4FEC-47E7-981B-D9310D549F95}.DelaySigned Release|Any CPU.Build.0 = Release|Any CPU
		{81DA19C7-4FEC-47E7-981B-D9310D549F95}.DelaySigned Silverlight Release|Any CPU.ActiveCfg = Release|Any CPU
		{81DA19C7-4FEC-47E7-981B-D9310D549F95}.DelaySigned Silverlight Release|Any CPU.Build.0 = Release|Any CPU
		{81DA19C7-4FEC-47E7-981B-D9310D549F95}.FxCop|Any CPU.ActiveCfg = Release|Any CPU
		{81DA19C7-4FEC-47E7-981B-D9310D549F95}.FxCop|Any CPU.Build.0 = Release|Any CPU
		{81DA19C7-4FEC-47E7-981B-D9310D549F95}.Release|Any CPU.ActiveCfg = Release|Any CPU
		{81DA19C7-4FEC-47E7-981B-D9310D549F95}.Release|Any CPU.Build.0 = Release|Any CPU
		{81DA19C7-4FEC-47E7-981B-D9310D549F95}.Silverlight Debug|Any CPU.ActiveCfg = Debug|Any CPU
		{81DA19C7-4FEC-47E7-981B-D9310D549F95}.Silverlight Debug|Any CPU.Build.0 = Debug|Any CPU
		{81DA19C7-4FEC-47E7-981B-D9310D549F95}.Silverlight Release|Any CPU.ActiveCfg = Release|Any CPU
		{81DA19C7-4FEC-47E7-981B-D9310D549F95}.Silverlight Release|Any CPU.Build.0 = Release|Any CPU
		{81DA19C7-4FEC-47E7-981B-D9310D549F95}.SpecSharp|Any CPU.ActiveCfg = Release|Any CPU
		{81DA19C7-4FEC-47E7-981B-D9310D549F95}.SpecSharp|Any CPU.Build.0 = Release|Any CPU
		{2AE75F5A-CD1F-4925-9647-AF4D1C282FB4}.Debug|Any CPU.ActiveCfg = Debug|Any CPU
		{2AE75F5A-CD1F-4925-9647-AF4D1C282FB4}.Debug|Any CPU.Build.0 = Debug|Any CPU
		{2AE75F5A-CD1F-4925-9647-AF4D1C282FB4}.DelaySigned Release|Any CPU.ActiveCfg = Release|Any CPU
		{2AE75F5A-CD1F-4925-9647-AF4D1C282FB4}.DelaySigned Release|Any CPU.Build.0 = Release|Any CPU
		{2AE75F5A-CD1F-4925-9647-AF4D1C282FB4}.DelaySigned Silverlight Release|Any CPU.ActiveCfg = Silverlight Release|Any CPU
		{2AE75F5A-CD1F-4925-9647-AF4D1C282FB4}.DelaySigned Silverlight Release|Any CPU.Build.0 = Silverlight Release|Any CPU
		{2AE75F5A-CD1F-4925-9647-AF4D1C282FB4}.FxCop|Any CPU.ActiveCfg = FxCop|Any CPU
		{2AE75F5A-CD1F-4925-9647-AF4D1C282FB4}.FxCop|Any CPU.Build.0 = FxCop|Any CPU
		{2AE75F5A-CD1F-4925-9647-AF4D1C282FB4}.Release|Any CPU.ActiveCfg = Release|Any CPU
		{2AE75F5A-CD1F-4925-9647-AF4D1C282FB4}.Release|Any CPU.Build.0 = Release|Any CPU
		{2AE75F5A-CD1F-4925-9647-AF4D1C282FB4}.Silverlight Debug|Any CPU.ActiveCfg = Silverlight Debug|Any CPU
		{2AE75F5A-CD1F-4925-9647-AF4D1C282FB4}.Silverlight Debug|Any CPU.Build.0 = Silverlight Debug|Any CPU
		{2AE75F5A-CD1F-4925-9647-AF4D1C282FB4}.Silverlight Release|Any CPU.ActiveCfg = Silverlight Release|Any CPU
		{2AE75F5A-CD1F-4925-9647-AF4D1C282FB4}.Silverlight Release|Any CPU.Build.0 = Silverlight Release|Any CPU
		{2AE75F5A-CD1F-4925-9647-AF4D1C282FB4}.SpecSharp|Any CPU.ActiveCfg = Silverlight Release|Any CPU
		{2AE75F5A-CD1F-4925-9647-AF4D1C282FB4}.SpecSharp|Any CPU.Build.0 = Silverlight Release|Any CPU
		{7F6984B4-EE6D-4E6F-ABB1-E210D7DC4FDD}.Debug|Any CPU.ActiveCfg = Debug|Any CPU
		{7F6984B4-EE6D-4E6F-ABB1-E210D7DC4FDD}.Debug|Any CPU.Build.0 = Debug|Any CPU
		{7F6984B4-EE6D-4E6F-ABB1-E210D7DC4FDD}.DelaySigned Release|Any CPU.ActiveCfg = Release|Any CPU
		{7F6984B4-EE6D-4E6F-ABB1-E210D7DC4FDD}.DelaySigned Release|Any CPU.Build.0 = Release|Any CPU
		{7F6984B4-EE6D-4E6F-ABB1-E210D7DC4FDD}.DelaySigned Silverlight Release|Any CPU.ActiveCfg = Silverlight Release|Any CPU
		{7F6984B4-EE6D-4E6F-ABB1-E210D7DC4FDD}.DelaySigned Silverlight Release|Any CPU.Build.0 = Silverlight Release|Any CPU
		{7F6984B4-EE6D-4E6F-ABB1-E210D7DC4FDD}.FxCop|Any CPU.ActiveCfg = FxCop|Any CPU
		{7F6984B4-EE6D-4E6F-ABB1-E210D7DC4FDD}.FxCop|Any CPU.Build.0 = FxCop|Any CPU
		{7F6984B4-EE6D-4E6F-ABB1-E210D7DC4FDD}.Release|Any CPU.ActiveCfg = Release|Any CPU
		{7F6984B4-EE6D-4E6F-ABB1-E210D7DC4FDD}.Release|Any CPU.Build.0 = Release|Any CPU
		{7F6984B4-EE6D-4E6F-ABB1-E210D7DC4FDD}.Silverlight Debug|Any CPU.ActiveCfg = Silverlight Debug|Any CPU
		{7F6984B4-EE6D-4E6F-ABB1-E210D7DC4FDD}.Silverlight Debug|Any CPU.Build.0 = Silverlight Debug|Any CPU
		{7F6984B4-EE6D-4E6F-ABB1-E210D7DC4FDD}.Silverlight Release|Any CPU.ActiveCfg = Silverlight Release|Any CPU
		{7F6984B4-EE6D-4E6F-ABB1-E210D7DC4FDD}.Silverlight Release|Any CPU.Build.0 = Silverlight Release|Any CPU
		{7F6984B4-EE6D-4E6F-ABB1-E210D7DC4FDD}.SpecSharp|Any CPU.ActiveCfg = Silverlight Release|Any CPU
		{7F6984B4-EE6D-4E6F-ABB1-E210D7DC4FDD}.SpecSharp|Any CPU.Build.0 = Silverlight Release|Any CPU
		{D6AB587D-A888-4B98-85AC-F15E36F53838}.Debug|Any CPU.ActiveCfg = Debug|Any CPU
		{D6AB587D-A888-4B98-85AC-F15E36F53838}.Debug|Any CPU.Build.0 = Debug|Any CPU
		{D6AB587D-A888-4B98-85AC-F15E36F53838}.DelaySigned Release|Any CPU.ActiveCfg = Release|Any CPU
		{D6AB587D-A888-4B98-85AC-F15E36F53838}.DelaySigned Release|Any CPU.Build.0 = Release|Any CPU
		{D6AB587D-A888-4B98-85AC-F15E36F53838}.DelaySigned Silverlight Release|Any CPU.ActiveCfg = Release|Any CPU
		{D6AB587D-A888-4B98-85AC-F15E36F53838}.DelaySigned Silverlight Release|Any CPU.Build.0 = Release|Any CPU
		{D6AB587D-A888-4B98-85AC-F15E36F53838}.FxCop|Any CPU.ActiveCfg = Release|Any CPU
		{D6AB587D-A888-4B98-85AC-F15E36F53838}.FxCop|Any CPU.Build.0 = Release|Any CPU
		{D6AB587D-A888-4B98-85AC-F15E36F53838}.Release|Any CPU.ActiveCfg = Release|Any CPU
		{D6AB587D-A888-4B98-85AC-F15E36F53838}.Release|Any CPU.Build.0 = Release|Any CPU
		{D6AB587D-A888-4B98-85AC-F15E36F53838}.Silverlight Debug|Any CPU.ActiveCfg = Debug|Any CPU
		{D6AB587D-A888-4B98-85AC-F15E36F53838}.Silverlight Debug|Any CPU.Build.0 = Debug|Any CPU
		{D6AB587D-A888-4B98-85AC-F15E36F53838}.Silverlight Release|Any CPU.ActiveCfg = Release|Any CPU
		{D6AB587D-A888-4B98-85AC-F15E36F53838}.Silverlight Release|Any CPU.Build.0 = Release|Any CPU
		{D6AB587D-A888-4B98-85AC-F15E36F53838}.SpecSharp|Any CPU.ActiveCfg = Release|Any CPU
		{D6AB587D-A888-4B98-85AC-F15E36F53838}.SpecSharp|Any CPU.Build.0 = Release|Any CPU
		{8103D91B-89D8-4A18-9A40-426992602EA2}.Debug|Any CPU.ActiveCfg = Debug|Any CPU
		{8103D91B-89D8-4A18-9A40-426992602EA2}.Debug|Any CPU.Build.0 = Debug|Any CPU
		{8103D91B-89D8-4A18-9A40-426992602EA2}.DelaySigned Release|Any CPU.ActiveCfg = Release|Any CPU
		{8103D91B-89D8-4A18-9A40-426992602EA2}.DelaySigned Release|Any CPU.Build.0 = Release|Any CPU
		{8103D91B-89D8-4A18-9A40-426992602EA2}.DelaySigned Silverlight Release|Any CPU.ActiveCfg = Release|Any CPU
		{8103D91B-89D8-4A18-9A40-426992602EA2}.DelaySigned Silverlight Release|Any CPU.Build.0 = Release|Any CPU
		{8103D91B-89D8-4A18-9A40-426992602EA2}.FxCop|Any CPU.ActiveCfg = Release|Any CPU
		{8103D91B-89D8-4A18-9A40-426992602EA2}.FxCop|Any CPU.Build.0 = Release|Any CPU
		{8103D91B-89D8-4A18-9A40-426992602EA2}.Release|Any CPU.ActiveCfg = Release|Any CPU
		{8103D91B-89D8-4A18-9A40-426992602EA2}.Release|Any CPU.Build.0 = Release|Any CPU
		{8103D91B-89D8-4A18-9A40-426992602EA2}.Silverlight Debug|Any CPU.ActiveCfg = Debug|Any CPU
		{8103D91B-89D8-4A18-9A40-426992602EA2}.Silverlight Debug|Any CPU.Build.0 = Debug|Any CPU
		{8103D91B-89D8-4A18-9A40-426992602EA2}.Silverlight Release|Any CPU.ActiveCfg = Release|Any CPU
		{8103D91B-89D8-4A18-9A40-426992602EA2}.Silverlight Release|Any CPU.Build.0 = Release|Any CPU
		{8103D91B-89D8-4A18-9A40-426992602EA2}.SpecSharp|Any CPU.ActiveCfg = Release|Any CPU
		{8103D91B-89D8-4A18-9A40-426992602EA2}.SpecSharp|Any CPU.Build.0 = Release|Any CPU
		{166940A1-2C91-4BD0-B72B-A517FBD8BF0B}.Debug|Any CPU.ActiveCfg = Debug|Any CPU
		{166940A1-2C91-4BD0-B72B-A517FBD8BF0B}.Debug|Any CPU.Build.0 = Debug|Any CPU
		{166940A1-2C91-4BD0-B72B-A517FBD8BF0B}.DelaySigned Release|Any CPU.ActiveCfg = Release|Any CPU
		{166940A1-2C91-4BD0-B72B-A517FBD8BF0B}.DelaySigned Release|Any CPU.Build.0 = Release|Any CPU
		{166940A1-2C91-4BD0-B72B-A517FBD8BF0B}.DelaySigned Silverlight Release|Any CPU.ActiveCfg = Release|Any CPU
		{166940A1-2C91-4BD0-B72B-A517FBD8BF0B}.DelaySigned Silverlight Release|Any CPU.Build.0 = Release|Any CPU
		{166940A1-2C91-4BD0-B72B-A517FBD8BF0B}.FxCop|Any CPU.ActiveCfg = Release|Any CPU
		{166940A1-2C91-4BD0-B72B-A517FBD8BF0B}.FxCop|Any CPU.Build.0 = Release|Any CPU
		{166940A1-2C91-4BD0-B72B-A517FBD8BF0B}.Release|Any CPU.ActiveCfg = Release|Any CPU
		{166940A1-2C91-4BD0-B72B-A517FBD8BF0B}.Release|Any CPU.Build.0 = Release|Any CPU
		{166940A1-2C91-4BD0-B72B-A517FBD8BF0B}.Silverlight Debug|Any CPU.ActiveCfg = Debug|Any CPU
		{166940A1-2C91-4BD0-B72B-A517FBD8BF0B}.Silverlight Debug|Any CPU.Build.0 = Debug|Any CPU
		{166940A1-2C91-4BD0-B72B-A517FBD8BF0B}.Silverlight Release|Any CPU.ActiveCfg = Release|Any CPU
		{166940A1-2C91-4BD0-B72B-A517FBD8BF0B}.Silverlight Release|Any CPU.Build.0 = Release|Any CPU
		{166940A1-2C91-4BD0-B72B-A517FBD8BF0B}.SpecSharp|Any CPU.ActiveCfg = Release|Any CPU
		{166940A1-2C91-4BD0-B72B-A517FBD8BF0B}.SpecSharp|Any CPU.Build.0 = Release|Any CPU
		{77323B06-15A2-4CF4-8A7A-86EAA2B66498}.Debug|Any CPU.ActiveCfg = Debug|Any CPU
		{77323B06-15A2-4CF4-8A7A-86EAA2B66498}.Debug|Any CPU.Build.0 = Debug|Any CPU
		{77323B06-15A2-4CF4-8A7A-86EAA2B66498}.DelaySigned Release|Any CPU.ActiveCfg = Release|Any CPU
		{77323B06-15A2-4CF4-8A7A-86EAA2B66498}.DelaySigned Release|Any CPU.Build.0 = Release|Any CPU
		{77323B06-15A2-4CF4-8A7A-86EAA2B66498}.DelaySigned Silverlight Release|Any CPU.ActiveCfg = Silverlight Release|Any CPU
		{77323B06-15A2-4CF4-8A7A-86EAA2B66498}.DelaySigned Silverlight Release|Any CPU.Build.0 = Silverlight Release|Any CPU
		{77323B06-15A2-4CF4-8A7A-86EAA2B66498}.FxCop|Any CPU.ActiveCfg = Silverlight Release|Any CPU
		{77323B06-15A2-4CF4-8A7A-86EAA2B66498}.FxCop|Any CPU.Build.0 = Silverlight Release|Any CPU
		{77323B06-15A2-4CF4-8A7A-86EAA2B66498}.Release|Any CPU.ActiveCfg = Release|Any CPU
		{77323B06-15A2-4CF4-8A7A-86EAA2B66498}.Release|Any CPU.Build.0 = Release|Any CPU
		{77323B06-15A2-4CF4-8A7A-86EAA2B66498}.Silverlight Debug|Any CPU.ActiveCfg = Silverlight Debug|Any CPU
		{77323B06-15A2-4CF4-8A7A-86EAA2B66498}.Silverlight Debug|Any CPU.Build.0 = Silverlight Debug|Any CPU
		{77323B06-15A2-4CF4-8A7A-86EAA2B66498}.Silverlight Release|Any CPU.ActiveCfg = Silverlight Release|Any CPU
		{77323B06-15A2-4CF4-8A7A-86EAA2B66498}.Silverlight Release|Any CPU.Build.0 = Silverlight Release|Any CPU
		{77323B06-15A2-4CF4-8A7A-86EAA2B66498}.SpecSharp|Any CPU.ActiveCfg = Silverlight Release|Any CPU
		{77323B06-15A2-4CF4-8A7A-86EAA2B66498}.SpecSharp|Any CPU.Build.0 = Silverlight Release|Any CPU
		{EB66B766-6354-4208-A3D4-AACBDCB5C3B3}.Debug|Any CPU.ActiveCfg = Debug|Any CPU
		{EB66B766-6354-4208-A3D4-AACBDCB5C3B3}.Debug|Any CPU.Build.0 = Debug|Any CPU
		{EB66B766-6354-4208-A3D4-AACBDCB5C3B3}.DelaySigned Release|Any CPU.ActiveCfg = Release|Any CPU
		{EB66B766-6354-4208-A3D4-AACBDCB5C3B3}.DelaySigned Release|Any CPU.Build.0 = Release|Any CPU
		{EB66B766-6354-4208-A3D4-AACBDCB5C3B3}.DelaySigned Silverlight Release|Any CPU.ActiveCfg = Silverlight Release|Any CPU
		{EB66B766-6354-4208-A3D4-AACBDCB5C3B3}.DelaySigned Silverlight Release|Any CPU.Build.0 = Silverlight Release|Any CPU
		{EB66B766-6354-4208-A3D4-AACBDCB5C3B3}.FxCop|Any CPU.ActiveCfg = FxCop|Any CPU
		{EB66B766-6354-4208-A3D4-AACBDCB5C3B3}.FxCop|Any CPU.Build.0 = FxCop|Any CPU
		{EB66B766-6354-4208-A3D4-AACBDCB5C3B3}.Release|Any CPU.ActiveCfg = Release|Any CPU
		{EB66B766-6354-4208-A3D4-AACBDCB5C3B3}.Release|Any CPU.Build.0 = Release|Any CPU
		{EB66B766-6354-4208-A3D4-AACBDCB5C3B3}.Silverlight Debug|Any CPU.ActiveCfg = Silverlight Debug|Any CPU
		{EB66B766-6354-4208-A3D4-AACBDCB5C3B3}.Silverlight Debug|Any CPU.Build.0 = Silverlight Debug|Any CPU
		{EB66B766-6354-4208-A3D4-AACBDCB5C3B3}.Silverlight Release|Any CPU.ActiveCfg = Silverlight Release|Any CPU
		{EB66B766-6354-4208-A3D4-AACBDCB5C3B3}.Silverlight Release|Any CPU.Build.0 = Silverlight Release|Any CPU
		{EB66B766-6354-4208-A3D4-AACBDCB5C3B3}.SpecSharp|Any CPU.ActiveCfg = Silverlight Release|Any CPU
		{EB66B766-6354-4208-A3D4-AACBDCB5C3B3}.SpecSharp|Any CPU.Build.0 = Silverlight Release|Any CPU
		{AA18A245-E342-4368-A474-83178311A742}.Debug|Any CPU.ActiveCfg = Debug|Any CPU
		{AA18A245-E342-4368-A474-83178311A742}.Debug|Any CPU.Build.0 = Debug|Any CPU
		{AA18A245-E342-4368-A474-83178311A742}.DelaySigned Release|Any CPU.ActiveCfg = Release|Any CPU
		{AA18A245-E342-4368-A474-83178311A742}.DelaySigned Release|Any CPU.Build.0 = Release|Any CPU
		{AA18A245-E342-4368-A474-83178311A742}.DelaySigned Silverlight Release|Any CPU.ActiveCfg = Release|Any CPU
		{AA18A245-E342-4368-A474-83178311A742}.DelaySigned Silverlight Release|Any CPU.Build.0 = Release|Any CPU
		{AA18A245-E342-4368-A474-83178311A742}.FxCop|Any CPU.ActiveCfg = Release|Any CPU
		{AA18A245-E342-4368-A474-83178311A742}.FxCop|Any CPU.Build.0 = Release|Any CPU
		{AA18A245-E342-4368-A474-83178311A742}.Release|Any CPU.ActiveCfg = Release|Any CPU
		{AA18A245-E342-4368-A474-83178311A742}.Release|Any CPU.Build.0 = Release|Any CPU
		{AA18A245-E342-4368-A474-83178311A742}.Silverlight Debug|Any CPU.ActiveCfg = Debug|Any CPU
		{AA18A245-E342-4368-A474-83178311A742}.Silverlight Debug|Any CPU.Build.0 = Debug|Any CPU
		{AA18A245-E342-4368-A474-83178311A742}.Silverlight Release|Any CPU.ActiveCfg = Release|Any CPU
		{AA18A245-E342-4368-A474-83178311A742}.Silverlight Release|Any CPU.Build.0 = Release|Any CPU
		{AA18A245-E342-4368-A474-83178311A742}.SpecSharp|Any CPU.ActiveCfg = Release|Any CPU
		{AA18A245-E342-4368-A474-83178311A742}.SpecSharp|Any CPU.Build.0 = Release|Any CPU
		{8B0F1074-750E-4D64-BF23-A1E0F54261E5}.Debug|Any CPU.ActiveCfg = Debug|Any CPU
		{8B0F1074-750E-4D64-BF23-A1E0F54261E5}.Debug|Any CPU.Build.0 = Debug|Any CPU
		{8B0F1074-750E-4D64-BF23-A1E0F54261E5}.DelaySigned Release|Any CPU.ActiveCfg = Release|Any CPU
		{8B0F1074-750E-4D64-BF23-A1E0F54261E5}.DelaySigned Release|Any CPU.Build.0 = Release|Any CPU
		{8B0F1074-750E-4D64-BF23-A1E0F54261E5}.DelaySigned Silverlight Release|Any CPU.ActiveCfg = Silverlight Release|Any CPU
		{8B0F1074-750E-4D64-BF23-A1E0F54261E5}.DelaySigned Silverlight Release|Any CPU.Build.0 = Silverlight Release|Any CPU
		{8B0F1074-750E-4D64-BF23-A1E0F54261E5}.FxCop|Any CPU.ActiveCfg = FxCop|Any CPU
		{8B0F1074-750E-4D64-BF23-A1E0F54261E5}.FxCop|Any CPU.Build.0 = FxCop|Any CPU
		{8B0F1074-750E-4D64-BF23-A1E0F54261E5}.Release|Any CPU.ActiveCfg = Release|Any CPU
		{8B0F1074-750E-4D64-BF23-A1E0F54261E5}.Release|Any CPU.Build.0 = Release|Any CPU
		{8B0F1074-750E-4D64-BF23-A1E0F54261E5}.Silverlight Debug|Any CPU.ActiveCfg = Silverlight Debug|Any CPU
		{8B0F1074-750E-4D64-BF23-A1E0F54261E5}.Silverlight Debug|Any CPU.Build.0 = Silverlight Debug|Any CPU
		{8B0F1074-750E-4D64-BF23-A1E0F54261E5}.Silverlight Release|Any CPU.ActiveCfg = Silverlight Release|Any CPU
		{8B0F1074-750E-4D64-BF23-A1E0F54261E5}.Silverlight Release|Any CPU.Build.0 = Silverlight Release|Any CPU
		{8B0F1074-750E-4D64-BF23-A1E0F54261E5}.SpecSharp|Any CPU.ActiveCfg = Silverlight Release|Any CPU
		{8B0F1074-750E-4D64-BF23-A1E0F54261E5}.SpecSharp|Any CPU.Build.0 = Silverlight Release|Any CPU
		{82F00DA6-1447-42AE-A9E3-B326ACFBBFFA}.Debug|Any CPU.ActiveCfg = Debug|Any CPU
		{82F00DA6-1447-42AE-A9E3-B326ACFBBFFA}.Debug|Any CPU.Build.0 = Debug|Any CPU
		{82F00DA6-1447-42AE-A9E3-B326ACFBBFFA}.DelaySigned Release|Any CPU.ActiveCfg = Release|Any CPU
		{82F00DA6-1447-42AE-A9E3-B326ACFBBFFA}.DelaySigned Release|Any CPU.Build.0 = Release|Any CPU
		{82F00DA6-1447-42AE-A9E3-B326ACFBBFFA}.DelaySigned Silverlight Release|Any CPU.ActiveCfg = Release|Any CPU
		{82F00DA6-1447-42AE-A9E3-B326ACFBBFFA}.DelaySigned Silverlight Release|Any CPU.Build.0 = Release|Any CPU
		{82F00DA6-1447-42AE-A9E3-B326ACFBBFFA}.FxCop|Any CPU.ActiveCfg = Release|Any CPU
		{82F00DA6-1447-42AE-A9E3-B326ACFBBFFA}.FxCop|Any CPU.Build.0 = Release|Any CPU
		{82F00DA6-1447-42AE-A9E3-B326ACFBBFFA}.Release|Any CPU.ActiveCfg = Release|Any CPU
		{82F00DA6-1447-42AE-A9E3-B326ACFBBFFA}.Release|Any CPU.Build.0 = Release|Any CPU
		{82F00DA6-1447-42AE-A9E3-B326ACFBBFFA}.Silverlight Debug|Any CPU.ActiveCfg = Debug|Any CPU
		{82F00DA6-1447-42AE-A9E3-B326ACFBBFFA}.Silverlight Debug|Any CPU.Build.0 = Debug|Any CPU
		{82F00DA6-1447-42AE-A9E3-B326ACFBBFFA}.Silverlight Release|Any CPU.ActiveCfg = Release|Any CPU
		{82F00DA6-1447-42AE-A9E3-B326ACFBBFFA}.Silverlight Release|Any CPU.Build.0 = Release|Any CPU
		{82F00DA6-1447-42AE-A9E3-B326ACFBBFFA}.SpecSharp|Any CPU.ActiveCfg = Release|Any CPU
		{82F00DA6-1447-42AE-A9E3-B326ACFBBFFA}.SpecSharp|Any CPU.Build.0 = Release|Any CPU
		{769916FC-40EA-4A2D-8D8E-B14152517CE0}.Debug|Any CPU.ActiveCfg = Debug|Any CPU
		{769916FC-40EA-4A2D-8D8E-B14152517CE0}.Debug|Any CPU.Build.0 = Debug|Any CPU
		{769916FC-40EA-4A2D-8D8E-B14152517CE0}.DelaySigned Release|Any CPU.ActiveCfg = Release|Any CPU
		{769916FC-40EA-4A2D-8D8E-B14152517CE0}.DelaySigned Release|Any CPU.Build.0 = Release|Any CPU
		{769916FC-40EA-4A2D-8D8E-B14152517CE0}.DelaySigned Silverlight Release|Any CPU.ActiveCfg = Release|Any CPU
		{769916FC-40EA-4A2D-8D8E-B14152517CE0}.DelaySigned Silverlight Release|Any CPU.Build.0 = Release|Any CPU
		{769916FC-40EA-4A2D-8D8E-B14152517CE0}.FxCop|Any CPU.ActiveCfg = Release|Any CPU
		{769916FC-40EA-4A2D-8D8E-B14152517CE0}.FxCop|Any CPU.Build.0 = Release|Any CPU
		{769916FC-40EA-4A2D-8D8E-B14152517CE0}.Release|Any CPU.ActiveCfg = Release|Any CPU
		{769916FC-40EA-4A2D-8D8E-B14152517CE0}.Release|Any CPU.Build.0 = Release|Any CPU
		{769916FC-40EA-4A2D-8D8E-B14152517CE0}.Silverlight Debug|Any CPU.ActiveCfg = Debug|Any CPU
		{769916FC-40EA-4A2D-8D8E-B14152517CE0}.Silverlight Debug|Any CPU.Build.0 = Debug|Any CPU
		{769916FC-40EA-4A2D-8D8E-B14152517CE0}.Silverlight Release|Any CPU.ActiveCfg = Release|Any CPU
		{769916FC-40EA-4A2D-8D8E-B14152517CE0}.Silverlight Release|Any CPU.Build.0 = Release|Any CPU
		{769916FC-40EA-4A2D-8D8E-B14152517CE0}.SpecSharp|Any CPU.ActiveCfg = Release|Any CPU
		{769916FC-40EA-4A2D-8D8E-B14152517CE0}.SpecSharp|Any CPU.Build.0 = Release|Any CPU
		{D4AE44AD-07B9-41DC-BB3B-1FDCDE3C987D}.Debug|Any CPU.ActiveCfg = Debug|Any CPU
		{D4AE44AD-07B9-41DC-BB3B-1FDCDE3C987D}.Debug|Any CPU.Build.0 = Debug|Any CPU
		{D4AE44AD-07B9-41DC-BB3B-1FDCDE3C987D}.DelaySigned Release|Any CPU.ActiveCfg = Release|Any CPU
		{D4AE44AD-07B9-41DC-BB3B-1FDCDE3C987D}.DelaySigned Release|Any CPU.Build.0 = Release|Any CPU
		{D4AE44AD-07B9-41DC-BB3B-1FDCDE3C987D}.DelaySigned Silverlight Release|Any CPU.ActiveCfg = Release|Any CPU
		{D4AE44AD-07B9-41DC-BB3B-1FDCDE3C987D}.DelaySigned Silverlight Release|Any CPU.Build.0 = Release|Any CPU
		{D4AE44AD-07B9-41DC-BB3B-1FDCDE3C987D}.FxCop|Any CPU.ActiveCfg = FxCop|Any CPU
		{D4AE44AD-07B9-41DC-BB3B-1FDCDE3C987D}.FxCop|Any CPU.Build.0 = FxCop|Any CPU
		{D4AE44AD-07B9-41DC-BB3B-1FDCDE3C987D}.Release|Any CPU.ActiveCfg = Release|Any CPU
		{D4AE44AD-07B9-41DC-BB3B-1FDCDE3C987D}.Release|Any CPU.Build.0 = Release|Any CPU
		{D4AE44AD-07B9-41DC-BB3B-1FDCDE3C987D}.Silverlight Debug|Any CPU.ActiveCfg = Debug|Any CPU
		{D4AE44AD-07B9-41DC-BB3B-1FDCDE3C987D}.Silverlight Debug|Any CPU.Build.0 = Debug|Any CPU
		{D4AE44AD-07B9-41DC-BB3B-1FDCDE3C987D}.Silverlight Release|Any CPU.ActiveCfg = Release|Any CPU
		{D4AE44AD-07B9-41DC-BB3B-1FDCDE3C987D}.Silverlight Release|Any CPU.Build.0 = Release|Any CPU
		{D4AE44AD-07B9-41DC-BB3B-1FDCDE3C987D}.SpecSharp|Any CPU.ActiveCfg = Release|Any CPU
		{D4AE44AD-07B9-41DC-BB3B-1FDCDE3C987D}.SpecSharp|Any CPU.Build.0 = Release|Any CPU
		{AD5B6F0A-FD60-4D2E-B58A-EE762C5AC3B9}.Debug|Any CPU.ActiveCfg = Debug|Any CPU
		{AD5B6F0A-FD60-4D2E-B58A-EE762C5AC3B9}.Debug|Any CPU.Build.0 = Debug|Any CPU
		{AD5B6F0A-FD60-4D2E-B58A-EE762C5AC3B9}.DelaySigned Release|Any CPU.ActiveCfg = Release|Any CPU
		{AD5B6F0A-FD60-4D2E-B58A-EE762C5AC3B9}.DelaySigned Release|Any CPU.Build.0 = Release|Any CPU
		{AD5B6F0A-FD60-4D2E-B58A-EE762C5AC3B9}.DelaySigned Silverlight Release|Any CPU.ActiveCfg = Release|Any CPU
		{AD5B6F0A-FD60-4D2E-B58A-EE762C5AC3B9}.DelaySigned Silverlight Release|Any CPU.Build.0 = Release|Any CPU
		{AD5B6F0A-FD60-4D2E-B58A-EE762C5AC3B9}.FxCop|Any CPU.ActiveCfg = Release|Any CPU
		{AD5B6F0A-FD60-4D2E-B58A-EE762C5AC3B9}.FxCop|Any CPU.Build.0 = Release|Any CPU
		{AD5B6F0A-FD60-4D2E-B58A-EE762C5AC3B9}.Release|Any CPU.ActiveCfg = Release|Any CPU
		{AD5B6F0A-FD60-4D2E-B58A-EE762C5AC3B9}.Release|Any CPU.Build.0 = Release|Any CPU
		{AD5B6F0A-FD60-4D2E-B58A-EE762C5AC3B9}.Silverlight Debug|Any CPU.ActiveCfg = Debug|Any CPU
		{AD5B6F0A-FD60-4D2E-B58A-EE762C5AC3B9}.Silverlight Debug|Any CPU.Build.0 = Debug|Any CPU
		{AD5B6F0A-FD60-4D2E-B58A-EE762C5AC3B9}.Silverlight Release|Any CPU.ActiveCfg = Release|Any CPU
		{AD5B6F0A-FD60-4D2E-B58A-EE762C5AC3B9}.Silverlight Release|Any CPU.Build.0 = Release|Any CPU
		{AD5B6F0A-FD60-4D2E-B58A-EE762C5AC3B9}.SpecSharp|Any CPU.ActiveCfg = Release|Any CPU
		{AD5B6F0A-FD60-4D2E-B58A-EE762C5AC3B9}.SpecSharp|Any CPU.Build.0 = Release|Any CPU
		{3DBF3359-43B5-47C9-9E4D-CF50D7587F20}.Debug|Any CPU.ActiveCfg = Debug|Any CPU
		{3DBF3359-43B5-47C9-9E4D-CF50D7587F20}.Debug|Any CPU.Build.0 = Debug|Any CPU
		{3DBF3359-43B5-47C9-9E4D-CF50D7587F20}.DelaySigned Release|Any CPU.ActiveCfg = Release|Any CPU
		{3DBF3359-43B5-47C9-9E4D-CF50D7587F20}.DelaySigned Release|Any CPU.Build.0 = Release|Any CPU
		{3DBF3359-43B5-47C9-9E4D-CF50D7587F20}.DelaySigned Silverlight Release|Any CPU.ActiveCfg = Release|Any CPU
		{3DBF3359-43B5-47C9-9E4D-CF50D7587F20}.DelaySigned Silverlight Release|Any CPU.Build.0 = Release|Any CPU
		{3DBF3359-43B5-47C9-9E4D-CF50D7587F20}.FxCop|Any CPU.ActiveCfg = Release|Any CPU
		{3DBF3359-43B5-47C9-9E4D-CF50D7587F20}.FxCop|Any CPU.Build.0 = Release|Any CPU
		{3DBF3359-43B5-47C9-9E4D-CF50D7587F20}.Release|Any CPU.ActiveCfg = Release|Any CPU
		{3DBF3359-43B5-47C9-9E4D-CF50D7587F20}.Release|Any CPU.Build.0 = Release|Any CPU
		{3DBF3359-43B5-47C9-9E4D-CF50D7587F20}.Silverlight Debug|Any CPU.ActiveCfg = Debug|Any CPU
		{3DBF3359-43B5-47C9-9E4D-CF50D7587F20}.Silverlight Debug|Any CPU.Build.0 = Debug|Any CPU
		{3DBF3359-43B5-47C9-9E4D-CF50D7587F20}.Silverlight Release|Any CPU.ActiveCfg = Release|Any CPU
		{3DBF3359-43B5-47C9-9E4D-CF50D7587F20}.Silverlight Release|Any CPU.Build.0 = Release|Any CPU
		{3DBF3359-43B5-47C9-9E4D-CF50D7587F20}.SpecSharp|Any CPU.ActiveCfg = Release|Any CPU
		{3DBF3359-43B5-47C9-9E4D-CF50D7587F20}.SpecSharp|Any CPU.Build.0 = Release|Any CPU
		{A9B3BA9E-6955-43E6-9846-54DEFEDCFBFC}.Debug|Any CPU.ActiveCfg = Debug|Any CPU
		{A9B3BA9E-6955-43E6-9846-54DEFEDCFBFC}.Debug|Any CPU.Build.0 = Debug|Any CPU
		{A9B3BA9E-6955-43E6-9846-54DEFEDCFBFC}.DelaySigned Release|Any CPU.ActiveCfg = Release|Any CPU
		{A9B3BA9E-6955-43E6-9846-54DEFEDCFBFC}.DelaySigned Release|Any CPU.Build.0 = Release|Any CPU
		{A9B3BA9E-6955-43E6-9846-54DEFEDCFBFC}.DelaySigned Silverlight Release|Any CPU.ActiveCfg = Release|Any CPU
		{A9B3BA9E-6955-43E6-9846-54DEFEDCFBFC}.DelaySigned Silverlight Release|Any CPU.Build.0 = Release|Any CPU
		{A9B3BA9E-6955-43E6-9846-54DEFEDCFBFC}.FxCop|Any CPU.ActiveCfg = Release|Any CPU
		{A9B3BA9E-6955-43E6-9846-54DEFEDCFBFC}.FxCop|Any CPU.Build.0 = Release|Any CPU
		{A9B3BA9E-6955-43E6-9846-54DEFEDCFBFC}.Release|Any CPU.ActiveCfg = Release|Any CPU
		{A9B3BA9E-6955-43E6-9846-54DEFEDCFBFC}.Release|Any CPU.Build.0 = Release|Any CPU
		{A9B3BA9E-6955-43E6-9846-54DEFEDCFBFC}.Silverlight Debug|Any CPU.ActiveCfg = Debug|Any CPU
		{A9B3BA9E-6955-43E6-9846-54DEFEDCFBFC}.Silverlight Debug|Any CPU.Build.0 = Debug|Any CPU
		{A9B3BA9E-6955-43E6-9846-54DEFEDCFBFC}.Silverlight Release|Any CPU.ActiveCfg = Release|Any CPU
		{A9B3BA9E-6955-43E6-9846-54DEFEDCFBFC}.Silverlight Release|Any CPU.Build.0 = Release|Any CPU
		{A9B3BA9E-6955-43E6-9846-54DEFEDCFBFC}.SpecSharp|Any CPU.ActiveCfg = Release|Any CPU
		{A9B3BA9E-6955-43E6-9846-54DEFEDCFBFC}.SpecSharp|Any CPU.Build.0 = Release|Any CPU
	EndGlobalSection
	GlobalSection(SolutionProperties) = preSolution
		HideSolutionNode = FALSE
	EndGlobalSection
	GlobalSection(NestedProjects) = preSolution
		{2F2B77E1-8C8A-4573-9D6D-A305144F3C79} = {6B97627A-A2FE-4CE2-B5CC-95D54E656988}
		{07FD28A6-B302-49AB-A2C9-23D431F1CE2D} = {6B97627A-A2FE-4CE2-B5CC-95D54E656988}
		{E0137294-977D-4C68-A029-D2A2FB8C4596} = {6B97627A-A2FE-4CE2-B5CC-95D54E656988}
		{2AE75F5A-CD1F-4925-9647-AF4D1C282FB4} = {491B4A6F-D38A-49CA-BDE8-A7693919CB0B}
		{EB66B766-6354-4208-A3D4-AACBDCB5C3B3} = {491B4A6F-D38A-49CA-BDE8-A7693919CB0B}
		{8B0F1074-750E-4D64-BF23-A1E0F54261E5} = {491B4A6F-D38A-49CA-BDE8-A7693919CB0B}
		{D4AE44AD-07B9-41DC-BB3B-1FDCDE3C987D} = {491B4A6F-D38A-49CA-BDE8-A7693919CB0B}
		{95289EA9-5778-489D-AB48-F81F2CE2DA32} = {2F2B77E1-8C8A-4573-9D6D-A305144F3C79}
		{155CE436-1669-4A48-8095-410F2430237F} = {2F2B77E1-8C8A-4573-9D6D-A305144F3C79}
		{811AC32C-11F3-4ED8-92A7-A7E39C2BB704} = {2F2B77E1-8C8A-4573-9D6D-A305144F3C79}
		{B6B42537-07F8-4F6C-A99A-B155CAEB124E} = {2F2B77E1-8C8A-4573-9D6D-A305144F3C79}
		{81DA19C7-4FEC-47E7-981B-D9310D549F95} = {2F2B77E1-8C8A-4573-9D6D-A305144F3C79}
		{7F6984B4-EE6D-4E6F-ABB1-E210D7DC4FDD} = {07FD28A6-B302-49AB-A2C9-23D431F1CE2D}
		{D6AB587D-A888-4B98-85AC-F15E36F53838} = {07FD28A6-B302-49AB-A2C9-23D431F1CE2D}
		{8103D91B-89D8-4A18-9A40-426992602EA2} = {07FD28A6-B302-49AB-A2C9-23D431F1CE2D}
		{166940A1-2C91-4BD0-B72B-A517FBD8BF0B} = {07FD28A6-B302-49AB-A2C9-23D431F1CE2D}
		{77323B06-15A2-4CF4-8A7A-86EAA2B66498} = {07FD28A6-B302-49AB-A2C9-23D431F1CE2D}
		{AA18A245-E342-4368-A474-83178311A742} = {07FD28A6-B302-49AB-A2C9-23D431F1CE2D}
		{735DC44F-7E1C-41BB-ADA5-2E3E9BC93D9C} = {96D44FD1-0623-46D7-9511-EEA27441CF36}
		{C4822375-A83F-47F0-9C90-B9123AC7B6CF} = {96D44FD1-0623-46D7-9511-EEA27441CF36}
		{82F00DA6-1447-42AE-A9E3-B326ACFBBFFA} = {735DC44F-7E1C-41BB-ADA5-2E3E9BC93D9C}
		{769916FC-40EA-4A2D-8D8E-B14152517CE0} = {C4822375-A83F-47F0-9C90-B9123AC7B6CF}
		{2E293A6C-C20A-4BBE-A901-DBAB27B06D6E} = {E0137294-977D-4C68-A029-D2A2FB8C4596}
		{366E6024-A530-48BB-A003-3696292B764A} = {E0137294-977D-4C68-A029-D2A2FB8C4596}
		{D0F225A9-2773-46F4-9AEF-80779294ED12} = {E0137294-977D-4C68-A029-D2A2FB8C4596}
		{AD5B6F0A-FD60-4D2E-B58A-EE762C5AC3B9} = {2E293A6C-C20A-4BBE-A901-DBAB27B06D6E}
	EndGlobalSection
EndGlobal
